
Microsoft Visual Studio Solution File, Format Version 11.00
# Visual Studio 2010
Project("{FAE04EC0-301F-11D3-BF4B-00C04F79EFBC}") = "BinaryStudioAcademy_TestFacebooklikeApp2", "BinaryStudioAcademy_TestFacebooklikeApp2\BinaryStudioAcademy_TestFacebooklikeApp2.csproj", "{E9EE8517-B375-4D29-8D8A-1207A0311294}"
EndProject
Global
	GlobalSection(SolutionConfigurationPlatforms) = preSolution
		Debug|Any CPU = Debug|Any CPU
		Release|Any CPU = Release|Any CPU
	EndGlobalSection
	GlobalSection(ProjectConfigurationPlatforms) = postSolution
		{E9EE8517-B375-4D29-8D8A-1207A0311294}.Debug|Any CPU.ActiveCfg = Debug|Any CPU
		{E9EE8517-B375-4D29-8D8A-1207A0311294}.Debug|Any CPU.Build.0 = Debug|Any CPU
		{E9EE8517-B375-4D29-8D8A-1207A0311294}.Release|Any CPU.ActiveCfg = Release|Any CPU
		{E9EE8517-B375-4D29-8D8A-1207A0311294}.Release|Any CPU.Build.0 = Release|Any CPU
	EndGlobalSection
	GlobalSection(SolutionProperties) = preSolution
		HideSolutionNode = FALSE
	EndGlobalSection
EndGlobal
